
Microsoft Visual Studio Solution File, Format Version 12.00
# Visual Studio Version 17
VisualStudioVersion = 17.13.35931.197 d17.13
MinimumVisualStudioVersion = 10.0.40219.1
Project("{8BC9CEB8-8B4A-11D0-8D11-00A0C91BC942}") = "naLatinha", "naLatinha.vcxproj", "{C90BF6B2-4ECD-45D7-A8FD-9F10FFBCAFE7}"
EndProject
Global
	GlobalSection(SolutionConfigurationPlatforms) = preSolution
		Debug|x64 = Debug|x64
		Debug|x86 = Debug|x86
		Release|x64 = Release|x64
		Release|x86 = Release|x86
	EndGlobalSection
	GlobalSection(ProjectConfigurationPlatforms) = postSolution
		{C90BF6B2-4ECD-45D7-A8FD-9F10FFBCAFE7}.Debug|x64.ActiveCfg = Debug|x64
		{C90BF6B2-4ECD-45D7-A8FD-9F10FFBCAFE7}.Debug|x64.Build.0 = Debug|x64
		{C90BF6B2-4ECD-45D7-A8FD-9F10FFBCAFE7}.Debug|x86.ActiveCfg = Debug|Win32
		{C90BF6B2-4ECD-45D7-A8FD-9F10FFBCAFE7}.Debug|x86.Build.0 = Debug|Win32
		{C90BF6B2-4ECD-45D7-A8FD-9F10FFBCAFE7}.Release|x64.ActiveCfg = Release|x64
		{C90BF6B2-4ECD-45D7-A8FD-9F10FFBCAFE7}.Release|x64.Build.0 = Release|x64
		{C90BF6B2-4ECD-45D7-A8FD-9F10FFBCAFE7}.Release|x86.ActiveCfg = Release|Win32
		{C90BF6B2-4ECD-45D7-A8FD-9F10FFBCAFE7}.Release|x86.Build.0 = Release|Win32
	EndGlobalSection
	GlobalSection(SolutionProperties) = preSolution
		HideSolutionNode = FALSE
	EndGlobalSection
	GlobalSection(ExtensibilityGlobals) = postSolution
		SolutionGuid = {070EC5CD-303B-4C7F-B81B-5F3BA06EECF9}
	EndGlobalSection
EndGlobal
